
Microsoft Visual Studio Solution File, Format Version 12.00
# Visual Studio Version 17
VisualStudioVersion = 17.7.34031.279
MinimumVisualStudioVersion = 10.0.40219.1
Project("{FAE04EC0-301F-11D3-BF4B-00C04F79EFBC}") = "P2_1_714220061", "P2_1_714220061\P2_1_714220061.csproj", "{3D3C17D5-A203-4F23-8ECB-E3B569A0929B}"
EndProject
Global
	GlobalSection(SolutionConfigurationPlatforms) = preSolution
		Debug|Any CPU = Debug|Any CPU
		Release|Any CPU = Release|Any CPU
	EndGlobalSection
	GlobalSection(ProjectConfigurationPlatforms) = postSolution
		{3D3C17D5-A203-4F23-8ECB-E3B569A0929B}.Debug|Any CPU.ActiveCfg = Debug|Any CPU
		{3D3C17D5-A203-4F23-8ECB-E3B569A0929B}.Debug|Any CPU.Build.0 = Debug|Any CPU
		{3D3C17D5-A203-4F23-8ECB-E3B569A0929B}.Release|Any CPU.ActiveCfg = Release|Any CPU
		{3D3C17D5-A203-4F23-8ECB-E3B569A0929B}.Release|Any CPU.Build.0 = Release|Any CPU
	EndGlobalSection
	GlobalSection(SolutionProperties) = preSolution
		HideSolutionNode = FALSE
	EndGlobalSection
	GlobalSection(ExtensibilityGlobals) = postSolution
		SolutionGuid = {78837577-0181-4D8F-B6DB-B3A3C4986A10}
	EndGlobalSection
EndGlobal
