
Microsoft Visual Studio Solution File, Format Version 12.00
# Visual Studio Version 17
VisualStudioVersion = 17.7.34031.279
MinimumVisualStudioVersion = 10.0.40219.1
Project("{FAE04EC0-301F-11D3-BF4B-00C04F79EFBC}") = "WindowsFormsApp1", "WindowsFormsApp1\WindowsFormsApp1.csproj", "{EEC6A5D5-3A5C-49F6-86BE-1AEC0CDAB8BA}"
EndProject
Global
	GlobalSection(SolutionConfigurationPlatforms) = preSolution
		Debug|Any CPU = Debug|Any CPU
		Release|Any CPU = Release|Any CPU
	EndGlobalSection
	GlobalSection(ProjectConfigurationPlatforms) = postSolution
		{EEC6A5D5-3A5C-49F6-86BE-1AEC0CDAB8BA}.Debug|Any CPU.ActiveCfg = Debug|Any CPU
		{EEC6A5D5-3A5C-49F6-86BE-1AEC0CDAB8BA}.Debug|Any CPU.Build.0 = Debug|Any CPU
		{EEC6A5D5-3A5C-49F6-86BE-1AEC0CDAB8BA}.Release|Any CPU.ActiveCfg = Release|Any CPU
		{EEC6A5D5-3A5C-49F6-86BE-1AEC0CDAB8BA}.Release|Any CPU.Build.0 = Release|Any CPU
	EndGlobalSection
	GlobalSection(SolutionProperties) = preSolution
		HideSolutionNode = FALSE
	EndGlobalSection
	GlobalSection(ExtensibilityGlobals) = postSolution
		SolutionGuid = {87019824-263C-4EA3-A099-45B71AFECDF5}
	EndGlobalSection
EndGlobal
