
Microsoft Visual Studio Solution File, Format Version 12.00
# Visual Studio Version 17
VisualStudioVersion = 17.7.34031.279
MinimumVisualStudioVersion = 10.0.40219.1
Project("{FAE04EC0-301F-11D3-BF4B-00C04F79EFBC}") = "P6_1_714220061", "P6_1_714220061\P6_1_714220061.csproj", "{0AD60B90-B289-4E14-B4B2-6CC521EEE0EB}"
EndProject
Global
	GlobalSection(SolutionConfigurationPlatforms) = preSolution
		Debug|Any CPU = Debug|Any CPU
		Release|Any CPU = Release|Any CPU
	EndGlobalSection
	GlobalSection(ProjectConfigurationPlatforms) = postSolution
		{0AD60B90-B289-4E14-B4B2-6CC521EEE0EB}.Debug|Any CPU.ActiveCfg = Debug|Any CPU
		{0AD60B90-B289-4E14-B4B2-6CC521EEE0EB}.Debug|Any CPU.Build.0 = Debug|Any CPU
		{0AD60B90-B289-4E14-B4B2-6CC521EEE0EB}.Release|Any CPU.ActiveCfg = Release|Any CPU
		{0AD60B90-B289-4E14-B4B2-6CC521EEE0EB}.Release|Any CPU.Build.0 = Release|Any CPU
	EndGlobalSection
	GlobalSection(SolutionProperties) = preSolution
		HideSolutionNode = FALSE
	EndGlobalSection
	GlobalSection(ExtensibilityGlobals) = postSolution
		SolutionGuid = {E6DB2337-110A-4F0B-8A14-DD01A905CC4B}
	EndGlobalSection
EndGlobal
