
Microsoft Visual Studio Solution File, Format Version 12.00
# Visual Studio Version 17
VisualStudioVersion = 17.7.34031.279
MinimumVisualStudioVersion = 10.0.40219.1
Project("{FAE04EC0-301F-11D3-BF4B-00C04F79EFBC}") = "P5_2_714220061", "P5_2_714220061\P5_2_714220061.csproj", "{49F9869E-FFF5-4AE2-8684-4D0350331283}"
EndProject
Global
	GlobalSection(SolutionConfigurationPlatforms) = preSolution
		Debug|Any CPU = Debug|Any CPU
		Release|Any CPU = Release|Any CPU
	EndGlobalSection
	GlobalSection(ProjectConfigurationPlatforms) = postSolution
		{49F9869E-FFF5-4AE2-8684-4D0350331283}.Debug|Any CPU.ActiveCfg = Debug|Any CPU
		{49F9869E-FFF5-4AE2-8684-4D0350331283}.Debug|Any CPU.Build.0 = Debug|Any CPU
		{49F9869E-FFF5-4AE2-8684-4D0350331283}.Release|Any CPU.ActiveCfg = Release|Any CPU
		{49F9869E-FFF5-4AE2-8684-4D0350331283}.Release|Any CPU.Build.0 = Release|Any CPU
	EndGlobalSection
	GlobalSection(SolutionProperties) = preSolution
		HideSolutionNode = FALSE
	EndGlobalSection
	GlobalSection(ExtensibilityGlobals) = postSolution
		SolutionGuid = {1C3D8248-8CB1-41F4-AC20-131D4319D29C}
	EndGlobalSection
EndGlobal
