
Microsoft Visual Studio Solution File, Format Version 12.00
# Visual Studio Version 17
VisualStudioVersion = 17.7.34031.279
MinimumVisualStudioVersion = 10.0.40219.1
Project("{FAE04EC0-301F-11D3-BF4B-00C04F79EFBC}") = "P5_3_714220061", "P5_3_714220061\P5_3_714220061.csproj", "{A1B6E113-F3C4-41C2-B803-2635ABDB90EE}"
EndProject
Global
	GlobalSection(SolutionConfigurationPlatforms) = preSolution
		Debug|Any CPU = Debug|Any CPU
		Release|Any CPU = Release|Any CPU
	EndGlobalSection
	GlobalSection(ProjectConfigurationPlatforms) = postSolution
		{A1B6E113-F3C4-41C2-B803-2635ABDB90EE}.Debug|Any CPU.ActiveCfg = Debug|Any CPU
		{A1B6E113-F3C4-41C2-B803-2635ABDB90EE}.Debug|Any CPU.Build.0 = Debug|Any CPU
		{A1B6E113-F3C4-41C2-B803-2635ABDB90EE}.Release|Any CPU.ActiveCfg = Release|Any CPU
		{A1B6E113-F3C4-41C2-B803-2635ABDB90EE}.Release|Any CPU.Build.0 = Release|Any CPU
	EndGlobalSection
	GlobalSection(SolutionProperties) = preSolution
		HideSolutionNode = FALSE
	EndGlobalSection
	GlobalSection(ExtensibilityGlobals) = postSolution
		SolutionGuid = {344AA79B-02C9-495B-9F93-4AB7FEB2BCE7}
	EndGlobalSection
EndGlobal
