
Microsoft Visual Studio Solution File, Format Version 12.00
# Visual Studio Version 17
VisualStudioVersion = 17.7.34031.279
MinimumVisualStudioVersion = 10.0.40219.1
Project("{FAE04EC0-301F-11D3-BF4B-00C04F79EFBC}") = "P4_1_714220061", "P4_1_714220061\P4_1_714220061.csproj", "{114BF8AD-9418-4608-AE83-A704D3C07677}"
EndProject
Global
	GlobalSection(SolutionConfigurationPlatforms) = preSolution
		Debug|Any CPU = Debug|Any CPU
		Release|Any CPU = Release|Any CPU
	EndGlobalSection
	GlobalSection(ProjectConfigurationPlatforms) = postSolution
		{114BF8AD-9418-4608-AE83-A704D3C07677}.Debug|Any CPU.ActiveCfg = Debug|Any CPU
		{114BF8AD-9418-4608-AE83-A704D3C07677}.Debug|Any CPU.Build.0 = Debug|Any CPU
		{114BF8AD-9418-4608-AE83-A704D3C07677}.Release|Any CPU.ActiveCfg = Release|Any CPU
		{114BF8AD-9418-4608-AE83-A704D3C07677}.Release|Any CPU.Build.0 = Release|Any CPU
	EndGlobalSection
	GlobalSection(SolutionProperties) = preSolution
		HideSolutionNode = FALSE
	EndGlobalSection
	GlobalSection(ExtensibilityGlobals) = postSolution
		SolutionGuid = {1C4E523E-8702-4BA8-8CDA-D49F02311452}
	EndGlobalSection
EndGlobal
