
Microsoft Visual Studio Solution File, Format Version 12.00
# Visual Studio Version 17
VisualStudioVersion = 17.7.34031.279
MinimumVisualStudioVersion = 10.0.40219.1
Project("{FAE04EC0-301F-11D3-BF4B-00C04F79EFBC}") = "P11_714220061", "P11_714220061\P11_714220061.csproj", "{205A926A-7BD1-48E3-8683-9B530C827F25}"
EndProject
Global
	GlobalSection(SolutionConfigurationPlatforms) = preSolution
		Debug|Any CPU = Debug|Any CPU
		Release|Any CPU = Release|Any CPU
	EndGlobalSection
	GlobalSection(ProjectConfigurationPlatforms) = postSolution
		{205A926A-7BD1-48E3-8683-9B530C827F25}.Debug|Any CPU.ActiveCfg = Debug|Any CPU
		{205A926A-7BD1-48E3-8683-9B530C827F25}.Debug|Any CPU.Build.0 = Debug|Any CPU
		{205A926A-7BD1-48E3-8683-9B530C827F25}.Release|Any CPU.ActiveCfg = Release|Any CPU
		{205A926A-7BD1-48E3-8683-9B530C827F25}.Release|Any CPU.Build.0 = Release|Any CPU
	EndGlobalSection
	GlobalSection(SolutionProperties) = preSolution
		HideSolutionNode = FALSE
	EndGlobalSection
	GlobalSection(ExtensibilityGlobals) = postSolution
		SolutionGuid = {720E59AE-5625-4E6C-BE84-51B55F88ED67}
	EndGlobalSection
EndGlobal
