
Microsoft Visual Studio Solution File, Format Version 12.00
# Visual Studio Version 17
VisualStudioVersion = 17.7.34031.279
MinimumVisualStudioVersion = 10.0.40219.1
Project("{FAE04EC0-301F-11D3-BF4B-00C04F79EFBC}") = "P6_2_714220061", "P6_2_714220061\P6_2_714220061.csproj", "{0D5854AE-A2BD-4BF9-A0E6-86163E4311BE}"
EndProject
Global
	GlobalSection(SolutionConfigurationPlatforms) = preSolution
		Debug|Any CPU = Debug|Any CPU
		Release|Any CPU = Release|Any CPU
	EndGlobalSection
	GlobalSection(ProjectConfigurationPlatforms) = postSolution
		{0D5854AE-A2BD-4BF9-A0E6-86163E4311BE}.Debug|Any CPU.ActiveCfg = Debug|Any CPU
		{0D5854AE-A2BD-4BF9-A0E6-86163E4311BE}.Debug|Any CPU.Build.0 = Debug|Any CPU
		{0D5854AE-A2BD-4BF9-A0E6-86163E4311BE}.Release|Any CPU.ActiveCfg = Release|Any CPU
		{0D5854AE-A2BD-4BF9-A0E6-86163E4311BE}.Release|Any CPU.Build.0 = Release|Any CPU
	EndGlobalSection
	GlobalSection(SolutionProperties) = preSolution
		HideSolutionNode = FALSE
	EndGlobalSection
	GlobalSection(ExtensibilityGlobals) = postSolution
		SolutionGuid = {13024BF6-7A41-4B51-AF0F-683A36EDE2E4}
	EndGlobalSection
EndGlobal
